// !$*UTF8*$!
{
	archiveVersion = 1;
	classes = {
	};
	objectVersion = 46;
	objects = {

/* Begin PBXBuildFile section */
		B2E91BA01C32755D007C94A9 /* AppDelegate.swift in Sources */ = {isa = PBXBuildFile; fileRef = B2E91B9F1C32755D007C94A9 /* AppDelegate.swift */; };
		B2E91BA31C32755D007C94A9 /* tipster.xcdatamodeld in Sources */ = {isa = PBXBuildFile; fileRef = B2E91BA11C32755D007C94A9 /* tipster.xcdatamodeld */; };
		B2E91BA51C32755D007C94A9 /* ViewController.swift in Sources */ = {isa = PBXBuildFile; fileRef = B2E91BA41C32755D007C94A9 /* ViewController.swift */; };
		B2E91BA81C32755D007C94A9 /* Main.storyboard in Resources */ = {isa = PBXBuildFile; fileRef = B2E91BA61C32755D007C94A9 /* Main.storyboard */; };
		B2E91BAA1C32755D007C94A9 /* Images.xcassets in Resources */ = {isa = PBXBuildFile; fileRef = B2E91BA91C32755D007C94A9 /* Images.xcassets */; };
		B2E91BAD1C32755D007C94A9 /* LaunchScreen.xib in Resources */ = {isa = PBXBuildFile; fileRef = B2E91BAB1C32755D007C94A9 /* LaunchScreen.xib */; };
		B2E91BB91C32755D007C94A9 /* tipsterTests.swift in Sources */ = {isa = PBXBuildFile; fileRef = B2E91BB81C32755D007C94A9 /* tipsterTests.swift */; };
/* End PBXBuildFile section */

/* Begin PBXContainerItemProxy section */
		B2E91BB31C32755D007C94A9 /* PBXContainerItemProxy */ = {
			isa = PBXContainerItemProxy;
			containerPortal = B2E91B921C32755D007C94A9 /* Project object */;
			proxyType = 1;
			remoteGlobalIDString = B2E91B991C32755D007C94A9;
			remoteInfo = tipster;
		};
/* End PBXContainerItemProxy section */

/* Begin PBXFileReference section */
		B2E91B9A1C32755D007C94A9 /* tipster.app */ = {isa = PBXFileReference; explicitFileType = wrapper.application; includeInIndex = 0; path = tipster.app; sourceTree = BUILT_PRODUCTS_DIR; };
		B2E91B9E1C32755D007C94A9 /* Info.plist */ = {isa = PBXFileReference; lastKnownFileType = text.plist.xml; path = Info.plist; sourceTree = "<group>"; };
		B2E91B9F1C32755D007C94A9 /* AppDelegate.swift */ = {isa = PBXFileReference; lastKnownFileType = sourcecode.swift; path = AppDelegate.swift; sourceTree = "<group>"; };
		B2E91BA21C32755D007C94A9 /* tipster.xcdatamodel */ = {isa = PBXFileReference; lastKnownFileType = wrapper.xcdatamodel; path = tipster.xcdatamodel; sourceTree = "<group>"; };
		B2E91BA41C32755D007C94A9 /* ViewController.swift */ = {isa = PBXFileReference; lastKnownFileType = sourcecode.swift; path = ViewController.swift; sourceTree = "<group>"; };
		B2E91BA71C32755D007C94A9 /* Base */ = {isa = PBXFileReference; lastKnownFileType = file.storyboard; name = Base; path = Base.lproj/Main.storyboard; sourceTree = "<group>"; };
		B2E91BA91C32755D007C94A9 /* Images.xcassets */ = {isa = PBXFileReference; lastKnownFileType = folder.assetcatalog; path = Images.xcassets; sourceTree = "<group>"; };
		B2E91BAC1C32755D007C94A9 /* Base */ = {isa = PBXFileReference; lastKnownFileType = file.xib; name = Base; path = Base.lproj/LaunchScreen.xib; sourceTree = "<group>"; };
		B2E91BB21C32755D007C94A9 /* tipsterTests.xctest */ = {isa = PBXFileReference; explicitFileType = wrapper.cfbundle; includeInIndex = 0; path = tipsterTests.xctest; sourceTree = BUILT_PRODUCTS_DIR; };
		B2E91BB71C32755D007C94A9 /* Info.plist */ = {isa = PBXFileReference; lastKnownFileType = text.plist.xml; path = Info.plist; sourceTree = "<group>"; };
		B2E91BB81C32755D007C94A9 /* tipsterTests.swift */ = {isa = PBXFileReference; lastKnownFileType = sourcecode.swift; path = tipsterTests.swift; sourceTree = "<group>"; };
/* End PBXFileReference section */

/* Begin PBXFrameworksBuildPhase section */
		B2E91B971C32755D007C94A9 /* Frameworks */ = {
			isa = PBXFrameworksBuildPhase;
			buildActionMask = 2147483647;
			files = (
			);
			runOnlyForDeploymentPostprocessing = 0;
		};
		B2E91BAF1C32755D007C94A9 /* Frameworks */ = {
			isa = PBXFrameworksBuildPhase;
			buildActionMask = 2147483647;
			files = (
			);
			runOnlyForDeploymentPostprocessing = 0;
		};
/* End PBXFrameworksBuildPhase section */

/* Begin PBXGroup section */
		B2E91B911C32755D007C94A9 = {
			isa = PBXGroup;
			children = (
				B2E91B9C1C32755D007C94A9 /* tipster */,
				B2E91BB51C32755D007C94A9 /* tipsterTests */,
				B2E91B9B1C32755D007C94A9 /* Products */,
			);
			sourceTree = "<group>";
		};
		B2E91B9B1C32755D007C94A9 /* Products */ = {
			isa = PBXGroup;
			children = (
				B2E91B9A1C32755D007C94A9 /* tipster.app */,
				B2E91BB21C32755D007C94A9 /* tipsterTests.xctest */,
			);
			name = Products;
			sourceTree = "<group>";
		};
		B2E91B9C1C32755D007C94A9 /* tipster */ = {
			isa = PBXGroup;
			children = (
				B2E91B9F1C32755D007C94A9 /* AppDelegate.swift */,
				B2E91BA41C32755D007C94A9 /* ViewController.swift */,
				B2E91BA61C32755D007C94A9 /* Main.storyboard */,
				B2E91BA91C32755D007C94A9 /* Images.xcassets */,
				B2E91BAB1C32755D007C94A9 /* LaunchScreen.xib */,
				B2E91BA11C32755D007C94A9 /* tipster.xcdatamodeld */,
				B2E91B9D1C32755D007C94A9 /* Supporting Files */,
			);
			path = tipster;
			sourceTree = "<group>";
		};
		B2E91B9D1C32755D007C94A9 /* Supporting Files */ = {
			isa = PBXGroup;
			children = (
				B2E91B9E1C32755D007C94A9 /* Info.plist */,
			);
			name = "Supporting Files";
			sourceTree = "<group>";
		};
		B2E91BB51C32755D007C94A9 /* tipsterTests */ = {
			isa = PBXGroup;
			children = (
				B2E91BB81C32755D007C94A9 /* tipsterTests.swift */,
				B2E91BB61C32755D007C94A9 /* Supporting Files */,
			);
			path = tipsterTests;
			sourceTree = "<group>";
		};
		B2E91BB61C32755D007C94A9 /* Supporting Files */ = {
			isa = PBXGroup;
			children = (
				B2E91BB71C32755D007C94A9 /* Info.plist */,
			);
			name = "Supporting Files";
			sourceTree = "<group>";
		};
/* End PBXGroup section */

/* Begin PBXNativeTarget section */
		B2E91B991C32755D007C94A9 /* tipster */ = {
			isa = PBXNativeTarget;
			buildConfigurationList = B2E91BBC1C32755D007C94A9 /* Build configuration list for PBXNativeTarget "tipster" */;
			buildPhases = (
				B2E91B961C32755D007C94A9 /* Sources */,
				B2E91B971C32755D007C94A9 /* Frameworks */,
				B2E91B981C32755D007C94A9 /* Resources */,
			);
			buildRules = (
			);
			dependencies = (
			);
			name = tipster;
			productName = tipster;
			productReference = B2E91B9A1C32755D007C94A9 /* tipster.app */;
			productType = "com.apple.product-type.application";
		};
		B2E91BB11C32755D007C94A9 /* tipsterTests */ = {
			isa = PBXNativeTarget;
			buildConfigurationList = B2E91BBF1C32755D007C94A9 /* Build configuration list for PBXNativeTarget "tipsterTests" */;
			buildPhases = (
				B2E91BAE1C32755D007C94A9 /* Sources */,
				B2E91BAF1C32755D007C94A9 /* Frameworks */,
				B2E91BB01C32755D007C94A9 /* Resources */,
			);
			buildRules = (
			);
			dependencies = (
				B2E91BB41C32755D007C94A9 /* PBXTargetDependency */,
			);
			name = tipsterTests;
			productName = tipsterTests;
			productReference = B2E91BB21C32755D007C94A9 /* tipsterTests.xctest */;
			productType = "com.apple.product-type.bundle.unit-test";
		};
/* End PBXNativeTarget section */

/* Begin PBXProject section */
		B2E91B921C32755D007C94A9 /* Project object */ = {
			isa = PBXProject;
			attributes = {
				LastSwiftMigration = 0720;
				LastSwiftUpdateCheck = 0720;
				LastUpgradeCheck = 0720;
				ORGANIZATIONNAME = "Danyal Rizvi";
				TargetAttributes = {
					B2E91B991C32755D007C94A9 = {
						CreatedOnToolsVersion = 6.4;
					};
					B2E91BB11C32755D007C94A9 = {
						CreatedOnToolsVersion = 6.4;
						TestTargetID = B2E91B991C32755D007C94A9;
					};
				};
			};
			buildConfigurationList = B2E91B951C32755D007C94A9 /* Build configuration list for PBXProject "tipster" */;
			compatibilityVersion = "Xcode 3.2";
			developmentRegion = English;
			hasScannedForEncodings = 0;
			knownRegions = (
				en,
				Base,
			);
			mainGroup = B2E91B911C32755D007C94A9;
			productRefGroup = B2E91B9B1C32755D007C94A9 /* Products */;
			projectDirPath = "";
			projectRoot = "";
			targets = (
				B2E91B991C32755D007C94A9 /* tipster */,
				B2E91BB11C32755D007C94A9 /* tipsterTests */,
			);
		};
/* End PBXProject section */

/* Begin PBXResourcesBuildPhase section */
		B2E91B981C32755D007C94A9 /* Resources */ = {
			isa = PBXResourcesBuildPhase;
			buildActionMask = 2147483647;
			files = (
				B2E91BA81C32755D007C94A9 /* Main.storyboard in Resources */,
				B2E91BAD1C32755D007C94A9 /* LaunchScreen.xib in Resources */,
				B2E91BAA1C32755D007C94A9 /* Images.xcassets in Resources */,
			);
			runOnlyForDeploymentPostprocessing = 0;
		};
		B2E91BB01C32755D007C94A9 /* Resources */ = {
			isa = PBXResourcesBuildPhase;
			buildActionMask = 2147483647;
			files = (
			);
			runOnlyForDeploymentPostprocessing = 0;
		};
/* End PBXResourcesBuildPhase section */

/* Begin PBXSourcesBuildPhase section */
		B2E91B961C32755D007C94A9 /* Sources */ = {
			isa = PBXSourcesBuildPhase;
			buildActionMask = 2147483647;
			files = (
				B2E91BA51C32755D007C94A9 /* ViewController.swift in Sources */,
				B2E91BA01C32755D007C94A9 /* AppDelegate.swift in Sources */,
				B2E91BA31C32755D007C94A9 /* tipster.xcdatamodeld in Sources */,
			);
			runOnlyForDeploymentPostprocessing = 0;
		};
		B2E91BAE1C32755D007C94A9 /* Sources */ = {
			isa = PBXSourcesBuildPhase;
			buildActionMask = 2147483647;
			files = (
				B2E91BB91C32755D007C94A9 /* tipsterTests.swift in Sources */,
			);
			runOnlyForDeploymentPostprocessing = 0;
		};
/* End PBXSourcesBuildPhase section */

/* Begin PBXTargetDependency section */
		B2E91BB41C32755D007C94A9 /* PBXTargetDependency */ = {
			isa = PBXTargetDependency;
			target = B2E91B991C32755D007C94A9 /* tipster */;
			targetProxy = B2E91BB31C32755D007C94A9 /* PBXContainerItemProxy */;
		};
/* End PBXTargetDependency section */

/* Begin PBXVariantGroup section */
		B2E91BA61C32755D007C94A9 /* Main.storyboard */ = {
			isa = PBXVariantGroup;
			children = (
				B2E91BA71C32755D007C94A9 /* Base */,
			);
			name = Main.storyboard;
			sourceTree = "<group>";
		};
		B2E91BAB1C32755D007C94A9 /* LaunchScreen.xib */ = {
			isa = PBXVariantGroup;
			children = (
				B2E91BAC1C32755D007C94A9 /* Base */,
			);
			name = LaunchScreen.xib;
			sourceTree = "<group>";
		};
/* End PBXVariantGroup section */

/* Begin XCBuildConfiguration section */
		B2E91BBA1C32755D007C94A9 /* Debug */ = {
			isa = XCBuildConfiguration;
			buildSettings = {
				ALWAYS_SEARCH_USER_PATHS = NO;
				CLANG_CXX_LANGUAGE_STANDARD = "gnu++0x";
				CLANG_CXX_LIBRARY = "libc++";
				CLANG_ENABLE_MODULES = YES;
				CLANG_ENABLE_OBJC_ARC = YES;
				CLANG_WARN_BOOL_CONVERSION = YES;
				CLANG_WARN_CONSTANT_CONVERSION = YES;
				CLANG_WARN_DIRECT_OBJC_ISA_USAGE = YES_ERROR;
				CLANG_WARN_EMPTY_BODY = YES;
				CLANG_WARN_ENUM_CONVERSION = YES;
				CLANG_WARN_INT_CONVERSION = YES;
				CLANG_WARN_OBJC_ROOT_CLASS = YES_ERROR;
				CLANG_WARN_UNREACHABLE_CODE = YES;
				CLANG_WARN__DUPLICATE_METHOD_MATCH = YES;
				"CODE_SIGN_IDENTITY[sdk=iphoneos*]" = "iPhone Developer";
				COPY_PHASE_STRIP = NO;
				DEBUG_INFORMATION_FORMAT = "dwarf-with-dsym";
				ENABLE_STRICT_OBJC_MSGSEND = YES;
				ENABLE_TESTABILITY = YES;
				GCC_C_LANGUAGE_STANDARD = gnu99;
				GCC_DYNAMIC_NO_PIC = NO;
				GCC_NO_COMMON_BLOCKS = YES;
				GCC_OPTIMIZATION_LEVEL = 0;
				GCC_PREPROCESSOR_DEFINITIONS = (
					"DEBUG=1",
					"$(inherited)",
				);
				GCC_SYMBOLS_PRIVATE_EXTERN = NO;
				GCC_WARN_64_TO_32_BIT_CONVERSION = YES;
				GCC_WARN_ABOUT_RETURN_TYPE = YES_ERROR;
				GCC_WARN_UNDECLARED_SELECTOR = YES;
				GCC_WARN_UNINITIALIZED_AUTOS = YES_AGGRESSIVE;
				GCC_WARN_UNUSED_FUNCTION = YES;
				GCC_WARN_UNUSED_VARIABLE = YES;
				IPHONEOS_DEPLOYMENT_TARGET = 9.0;
				MTL_ENABLE_DEBUG_INFO = YES;
				ONLY_ACTIVE_ARCH = YES;
				SDKROOT = iphoneos;
				SWIFT_OPTIMIZATION_LEVEL = "-Onone";
			};
			name = Debug;
		};
		B2E91BBB1C32755D007C94A9 /* Release */ = {
			isa = XCBuildConfiguration;
			buildSettings = {
				ALWAYS_SEARCH_USER_PATHS = NO;
				CLANG_CXX_LANGUAGE_STANDARD = "gnu++0x";
				CLANG_CXX_LIBRARY = "libc++";
				CLANG_ENABLE_MODULES = YES;
				CLANG_ENABLE_OBJC_ARC = YES;
				CLANG_WARN_BOOL_CONVERSION = YES;
				CLANG_WARN_CONSTANT_CONVERSION = YES;
				CLANG_WARN_DIRECT_OBJC_ISA_USAGE = YES_ERROR;
				CLANG_WARN_EMPTY_BODY = YES;
				CLANG_WARN_ENUM_CONVERSION = YES;
				CLANG_WARN_INT_CONVERSION = YES;
				CLANG_WARN_OBJC_ROOT_CLASS = YES_ERROR;
				CLANG_WARN_UNREACHABLE_CODE = YES;
				CLANG_WARN__DUPLICATE_METHOD_MATCH = YES;
				"CODE_SIGN_IDENTITY[sdk=iphoneos*]" = "iPhone Developer";
				COPY_PHASE_STRIP = NO;
				DEBUG_INFORMATION_FORMAT = "dwarf-with-dsym";
				ENABLE_NS_ASSERTIONS = NO;
				ENABLE_STRICT_OBJC_MSGSEND = YES;
				GCC_C_LANGUAGE_STANDARD = gnu99;
				GCC_NO_COMMON_BLOCKS = YES;
				GCC_WARN_64_TO_32_BIT_CONVERSION = YES;
				GCC_WARN_ABOUT_RETURN_TYPE = YES_ERROR;
				GCC_WARN_UNDECLARED_SELECTOR = YES;
				GCC_WARN_UNINITIALIZED_AUTOS = YES_AGGRESSIVE;
				GCC_WARN_UNUSED_FUNCTION = YES;
				GCC_WARN_UNUSED_VARIABLE = YES;
				IPHONEOS_DEPLOYMENT_TARGET = 9.0;
				MTL_ENABLE_DEBUG_INFO = NO;
				SDKROOT = iphoneos;
				VALIDATE_PRODUCT = YES;
			};
			name = Release;
		};
		B2E91BBD1C32755D007C94A9 /* Debug */ = {
			isa = XCBuildConfiguration;
			buildSettings = {
				ASSETCATALOG_COMPILER_APPICON_NAME = AppIcon;
				INFOPLIST_FILE = tipster/Info.plist;
				IPHONEOS_DEPLOYMENT_TARGET = 9.0;
				LD_RUNPATH_SEARCH_PATHS = "$(inherited) @executable_path/Frameworks";
				PRODUCT_BUNDLE_IDENTIFIER = "Danyal-Rizvi.$(PRODUCT_NAME:rfc1034identifier)";
				PRODUCT_NAME = "$(TARGET_NAME)";
				TARGETED_DEVICE_FAMILY = 1;
			};
			name = Debug;
		};
		B2E91BBE1C32755D007C94A9 /* Release */ = {
			isa = XCBuildConfiguration;
			buildSettings = {
				ASSETCATALOG_COMPILER_APPICON_NAME = AppIcon;
				INFOPLIST_FILE = tipster/Info.plist;
				IPHONEOS_DEPLOYMENT_TARGET = 9.0;
				LD_RUNPATH_SEARCH_PATHS = "$(inherited) @executable_path/Frameworks";
				PRODUCT_BUNDLE_IDENTIFIER = "Danyal-Rizvi.$(PRODUCT_NAME:rfc1034identifier)";
				PRODUCT_NAME = "$(TARGET_NAME)";
				TARGETED_DEVICE_FAMILY = 1;
			};
			name = Release;
		};
		B2E91BC01C32755D007C94A9 /* Debug */ = {
			isa = XCBuildConfiguration;
			buildSettings = {
				BUNDLE_LOADER = "$(TEST_HOST)";
				FRAMEWORK_SEARCH_PATHS = (
					"$(SDKROOT)/Developer/Library/Frameworks",
					"$(inherited)",
				);
				GCC_PREPROCESSOR_DEFINITIONS = (
					"DEBUG=1",
					"$(inherited)",
				);
				INFOPLIST_FILE = tipsterTests/Info.plist;
				LD_RUNPATH_SEARCH_PATHS = "$(inherited) @executable_path/Frameworks @loader_path/Frameworks";
				PRODUCT_BUNDLE_IDENTIFIER = "Danyal-Rizvi.$(PRODUCT_NAME:rfc1034identifier)";
				PRODUCT_NAME = "$(TARGET_NAME)";
				TEST_HOST = "$(BUILT_PRODUCTS_DIR)/tipster.app/tipster";
			};
			name = Debug;
		};
		B2E91BC11C32755D007C94A9 /* Release */ = {
			isa = XCBuildConfiguration;
			buildSettings = {
				BUNDLE_LOADER = "$(TEST_HOST)";
				FRAMEWORK_SEARCH_PATHS = (
					"$(SDKROOT)/Developer/Library/Frameworks",
					"$(inherited)",
				);
				INFOPLIST_FILE = tipsterTests/Info.plist;
				LD_RUNPATH_SEARCH_PATHS = "$(inherited) @executable_path/Frameworks @loader_path/Frameworks";
				PRODUCT_BUNDLE_IDENTIFIER = "Danyal-Rizvi.$(PRODUCT_NAME:rfc1034identifier)";
				PRODUCT_NAME = "$(TARGET_NAME)";
				TEST_HOST = "$(BUILT_PRODUCTS_DIR)/tipster.app/tipster";
			};
			name = Release;
		};
/* End XCBuildConfiguration section */

/* Begin XCConfigurationList section */
		B2E91B951C32755D007C94A9 /* Build configuration list for PBXProject "tipster" */ = {
			isa = XCConfigurationList;
			buildConfigurations = (
				B2E91BBA1C32755D007C94A9 /* Debug */,
				B2E91BBB1C32755D007C94A9 /* Release */,
			);
			defaultConfigurationIsVisible = 0;
			defaultConfigurationName = Release;
		};
		B2E91BBC1C32755D007C94A9 /* Build configuration list for PBXNativeTarget "tipster" */ = {
			isa = XCConfigurationList;
			buildConfigurations = (
				B2E91BBD1C32755D007C94A9 /* Debug */,
				B2E91BBE1C32755D007C94A9 /* Release */,
			);
			defaultConfigurationIsVisible = 0;
			defaultConfigurationName = Release;
		};
		B2E91BBF1C32755D007C94A9 /* Build configuration list for PBXNativeTarget "tipsterTests" */ = {
			isa = XCConfigurationList;
			buildConfigurations = (
				B2E91BC01C32755D007C94A9 /* Debug */,
				B2E91BC11C32755D007C94A9 /* Release */,
			);
			defaultConfigurationIsVisible = 0;
			defaultConfigurationName = Release;
		};
/* End XCConfigurationList section */

/* Begin XCVersionGroup section */
		B2E91BA11C32755D007C94A9 /* tipster.xcdatamodeld */ = {
			isa = XCVersionGroup;
			children = (
				B2E91BA21C32755D007C94A9 /* tipster.xcdatamodel */,
			);
			currentVersion = B2E91BA21C32755D007C94A9 /* tipster.xcdatamodel */;
			path = tipster.xcdatamodeld;
			sourceTree = "<group>";
			versionGroupType = wrapper.xcdatamodel;
		};
/* End XCVersionGroup section */
	};
	rootObject = B2E91B921C32755D007C94A9 /* Project object */;
}
